
Microsoft Visual Studio Solution File, Format Version 12.00
# Visual Studio 14
VisualStudioVersion = 14.0.23107.0
MinimumVisualStudioVersion = 10.0.40219.1
Project("{FAE04EC0-301F-11D3-BF4B-00C04F79EFBC}") = "Courses.DAL", "Courses.DAL\Courses.DAL.csproj", "{811D53D2-0687-44E8-855D-020F629227FA}"
EndProject
Project("{FAE04EC0-301F-11D3-BF4B-00C04F79EFBC}") = "Courses.Models", "Cources.Models\Courses.Models.csproj", "{1496FB44-C419-4EAE-95C7-49A068DC2E78}"
EndProject
Project("{2150E333-8FDC-42A3-9474-1A3956D46DE8}") = "GUI", "GUI", "{CA264FC3-6998-46A4-A848-9A33C92AA808}"
EndProject
Project("{FAE04EC0-301F-11D3-BF4B-00C04F79EFBC}") = "Courses.Buisness", "Courses.Buisness\Courses.Buisness.csproj", "{95BFAC8F-52BC-4841-893A-1E894CE785B4}"
EndProject
Project("{FAE04EC0-301F-11D3-BF4B-00C04F79EFBC}") = "Courses.ViewModels", "Courses.ViewModels\Courses.ViewModels.csproj", "{DEF79D34-00E6-4658-B8A9-12798A36E88B}"
EndProject
Project("{2150E333-8FDC-42A3-9474-1A3956D46DE8}") = "Model", "Model", "{1DB02EEE-E98A-4BF5-BD47-119FAAD13B23}"
EndProject
Project("{2150E333-8FDC-42A3-9474-1A3956D46DE8}") = "DAL", "DAL", "{5231A492-125E-4872-B878-D0B2FA5D296A}"
EndProject
Project("{2150E333-8FDC-42A3-9474-1A3956D46DE8}") = ".nuget", ".nuget", "{CA4EB1D6-8A6A-4FCC-8B90-A168F1C6AD6F}"
	ProjectSection(SolutionItems) = preProject
		.nuget\packages.config = .nuget\packages.config
	EndProjectSection
EndProject
Project("{FAE04EC0-301F-11D3-BF4B-00C04F79EFBC}") = "Courses.Gui.Admin", "Courses.Gui.Admin\Courses.Gui.Admin.csproj", "{EA6E5992-138E-4AA7-991B-22AD5A816E2C}"
EndProject
Project("{FAE04EC0-301F-11D3-BF4B-00C04F79EFBC}") = "Courses.Models.Repositories", "Courses.Models.Repositories\Courses.Models.Repositories.csproj", "{BE2EAC06-2EB3-4013-B85E-5E52EBAF42D1}"
EndProject
Project("{FAE04EC0-301F-11D3-BF4B-00C04F79EFBC}") = "Courses.Buisness.Services", "Courses.Buisness.Services\Courses.Buisness.Services.csproj", "{7DDC3E7C-E381-4D21-BFAB-71D69626B9FB}"
EndProject
Project("{FAE04EC0-301F-11D3-BF4B-00C04F79EFBC}") = "Courses.Gui.Manager", "Courses.Gui.Manager\Courses.Gui.Manager.csproj", "{8E366223-9B4F-41C0-9D2D-5CC04FEF0988}"
EndProject
Project("{FAE04EC0-301F-11D3-BF4B-00C04F79EFBC}") = "Courses.Gui.Client", "Courses.Gui.Client\Courses.Gui.Client.csproj", "{0B978A13-514F-45DE-BED2-9BD93BD059DC}"
EndProject
Project("{FAE04EC0-301F-11D3-BF4B-00C04F79EFBC}") = "Courses.UnitTests", "Courses.UnitTests\Courses.UnitTests.csproj", "{050406A6-3CE5-46FF-87F4-4A54FDA62F3E}"
EndProject
Global
	GlobalSection(SolutionConfigurationPlatforms) = preSolution
		Debug|Any CPU = Debug|Any CPU
		Release|Any CPU = Release|Any CPU
	EndGlobalSection
	GlobalSection(ProjectConfigurationPlatforms) = postSolution
		{811D53D2-0687-44E8-855D-020F629227FA}.Debug|Any CPU.ActiveCfg = Debug|Any CPU
		{811D53D2-0687-44E8-855D-020F629227FA}.Debug|Any CPU.Build.0 = Debug|Any CPU
		{811D53D2-0687-44E8-855D-020F629227FA}.Release|Any CPU.ActiveCfg = Release|Any CPU
		{811D53D2-0687-44E8-855D-020F629227FA}.Release|Any CPU.Build.0 = Release|Any CPU
		{1496FB44-C419-4EAE-95C7-49A068DC2E78}.Debug|Any CPU.ActiveCfg = Debug|Any CPU
		{1496FB44-C419-4EAE-95C7-49A068DC2E78}.Debug|Any CPU.Build.0 = Debug|Any CPU
		{1496FB44-C419-4EAE-95C7-49A068DC2E78}.Release|Any CPU.ActiveCfg = Release|Any CPU
		{1496FB44-C419-4EAE-95C7-49A068DC2E78}.Release|Any CPU.Build.0 = Release|Any CPU
		{95BFAC8F-52BC-4841-893A-1E894CE785B4}.Debug|Any CPU.ActiveCfg = Debug|Any CPU
		{95BFAC8F-52BC-4841-893A-1E894CE785B4}.Debug|Any CPU.Build.0 = Debug|Any CPU
		{95BFAC8F-52BC-4841-893A-1E894CE785B4}.Release|Any CPU.ActiveCfg = Release|Any CPU
		{95BFAC8F-52BC-4841-893A-1E894CE785B4}.Release|Any CPU.Build.0 = Release|Any CPU
		{DEF79D34-00E6-4658-B8A9-12798A36E88B}.Debug|Any CPU.ActiveCfg = Debug|Any CPU
		{DEF79D34-00E6-4658-B8A9-12798A36E88B}.Debug|Any CPU.Build.0 = Debug|Any CPU
		{DEF79D34-00E6-4658-B8A9-12798A36E88B}.Release|Any CPU.ActiveCfg = Release|Any CPU
		{DEF79D34-00E6-4658-B8A9-12798A36E88B}.Release|Any CPU.Build.0 = Release|Any CPU
		{EA6E5992-138E-4AA7-991B-22AD5A816E2C}.Debug|Any CPU.ActiveCfg = Debug|Any CPU
		{EA6E5992-138E-4AA7-991B-22AD5A816E2C}.Debug|Any CPU.Build.0 = Debug|Any CPU
		{EA6E5992-138E-4AA7-991B-22AD5A816E2C}.Release|Any CPU.ActiveCfg = Release|Any CPU
		{EA6E5992-138E-4AA7-991B-22AD5A816E2C}.Release|Any CPU.Build.0 = Release|Any CPU
		{BE2EAC06-2EB3-4013-B85E-5E52EBAF42D1}.Debug|Any CPU.ActiveCfg = Debug|Any CPU
		{BE2EAC06-2EB3-4013-B85E-5E52EBAF42D1}.Debug|Any CPU.Build.0 = Debug|Any CPU
		{BE2EAC06-2EB3-4013-B85E-5E52EBAF42D1}.Release|Any CPU.ActiveCfg = Release|Any CPU
		{BE2EAC06-2EB3-4013-B85E-5E52EBAF42D1}.Release|Any CPU.Build.0 = Release|Any CPU
		{7DDC3E7C-E381-4D21-BFAB-71D69626B9FB}.Debug|Any CPU.ActiveCfg = Debug|Any CPU
		{7DDC3E7C-E381-4D21-BFAB-71D69626B9FB}.Debug|Any CPU.Build.0 = Debug|Any CPU
		{7DDC3E7C-E381-4D21-BFAB-71D69626B9FB}.Release|Any CPU.ActiveCfg = Release|Any CPU
		{7DDC3E7C-E381-4D21-BFAB-71D69626B9FB}.Release|Any CPU.Build.0 = Release|Any CPU
		{8E366223-9B4F-41C0-9D2D-5CC04FEF0988}.Debug|Any CPU.ActiveCfg = Debug|Any CPU
		{8E366223-9B4F-41C0-9D2D-5CC04FEF0988}.Debug|Any CPU.Build.0 = Debug|Any CPU
		{8E366223-9B4F-41C0-9D2D-5CC04FEF0988}.Release|Any CPU.ActiveCfg = Release|Any CPU
		{8E366223-9B4F-41C0-9D2D-5CC04FEF0988}.Release|Any CPU.Build.0 = Release|Any CPU
		{0B978A13-514F-45DE-BED2-9BD93BD059DC}.Debug|Any CPU.ActiveCfg = Debug|Any CPU
		{0B978A13-514F-45DE-BED2-9BD93BD059DC}.Debug|Any CPU.Build.0 = Debug|Any CPU
		{0B978A13-514F-45DE-BED2-9BD93BD059DC}.Release|Any CPU.ActiveCfg = Release|Any CPU
		{0B978A13-514F-45DE-BED2-9BD93BD059DC}.Release|Any CPU.Build.0 = Release|Any CPU
		{050406A6-3CE5-46FF-87F4-4A54FDA62F3E}.Debug|Any CPU.ActiveCfg = Debug|Any CPU
		{050406A6-3CE5-46FF-87F4-4A54FDA62F3E}.Debug|Any CPU.Build.0 = Debug|Any CPU
		{050406A6-3CE5-46FF-87F4-4A54FDA62F3E}.Release|Any CPU.ActiveCfg = Release|Any CPU
		{050406A6-3CE5-46FF-87F4-4A54FDA62F3E}.Release|Any CPU.Build.0 = Release|Any CPU
	EndGlobalSection
	GlobalSection(SolutionProperties) = preSolution
		HideSolutionNode = FALSE
	EndGlobalSection
	GlobalSection(NestedProjects) = preSolution
		{811D53D2-0687-44E8-855D-020F629227FA} = {5231A492-125E-4872-B878-D0B2FA5D296A}
		{1496FB44-C419-4EAE-95C7-49A068DC2E78} = {1DB02EEE-E98A-4BF5-BD47-119FAAD13B23}
		{95BFAC8F-52BC-4841-893A-1E894CE785B4} = {1DB02EEE-E98A-4BF5-BD47-119FAAD13B23}
		{DEF79D34-00E6-4658-B8A9-12798A36E88B} = {1DB02EEE-E98A-4BF5-BD47-119FAAD13B23}
		{EA6E5992-138E-4AA7-991B-22AD5A816E2C} = {CA264FC3-6998-46A4-A848-9A33C92AA808}
		{BE2EAC06-2EB3-4013-B85E-5E52EBAF42D1} = {1DB02EEE-E98A-4BF5-BD47-119FAAD13B23}
		{7DDC3E7C-E381-4D21-BFAB-71D69626B9FB} = {1DB02EEE-E98A-4BF5-BD47-119FAAD13B23}
		{8E366223-9B4F-41C0-9D2D-5CC04FEF0988} = {CA264FC3-6998-46A4-A848-9A33C92AA808}
		{0B978A13-514F-45DE-BED2-9BD93BD059DC} = {CA264FC3-6998-46A4-A848-9A33C92AA808}
		{050406A6-3CE5-46FF-87F4-4A54FDA62F3E} = {1DB02EEE-E98A-4BF5-BD47-119FAAD13B23}
	EndGlobalSection
EndGlobal
